# THIS IS AN AUTOGENERATED FILE. DO NOT EDIT THIS FILE DIRECTLY.
# yarn lockfile v1


async@^2.0.1:
  version "2.6.3"
  resolved "https://registry.yarnpkg.com/async/-/async-2.6.3.tgz#d72625e2344a3656e3a3ad4fa749fa83299d82ff"
  integrity sha512-zflvls11DCy+dQWzTW2dzuilv8Z5X/pjfmZOWba6TNIVDm+2UDaJmXSOXlasHKfNBs8oo3M0aT50fDEWfKZjXg==
  dependencies:
    lodash "^4.17.14"

doublearray@0.0.2:
  version "0.0.2"
  resolved "https://registry.yarnpkg.com/doublearray/-/doublearray-0.0.2.tgz#63186fe8d34413276d3621f6aa0ec5f79e227ef9"
  integrity sha1-Yxhv6NNEEydtNiH2qg7F954ifvk=

kuromoji@0.1.1:
  version "0.1.1"
  resolved "https://registry.yarnpkg.com/kuromoji/-/kuromoji-0.1.1.tgz#4aabf39bcced8b8ad92d007a04a26be6da8477c9"
  integrity sha1-Sqvzm8zti4rZLQB6BKJr5tqEd8k=
  dependencies:
    async "^2.0.1"
    doublearray "0.0.2"
    zlibjs "^0.2.0"

kuromojin@^2.0.0:
  version "2.0.0"
  resolved "https://registry.yarnpkg.com/kuromojin/-/kuromojin-2.0.0.tgz#23e74a5ed2578432c9703ae75a69ba0a09ccb12d"
  integrity sha512-60j/yLkFSc4t4roj8tI8ZNNSiAFnrkgXw8SqXz/9nakfs6mkCvPbrd7S8LDr4YNwEt1IyLys5JQTR9EnYyGHhA==
  dependencies:
    kuromoji "0.1.1"

lodash@^4.17.14:
  version "4.17.20"
  resolved "https://registry.yarnpkg.com/lodash/-/lodash-4.17.20.tgz#b44a9b6297bcb698f1c51a3545a2b3b368d59c52"
  integrity sha512-PlhdFcillOINfeV7Ni6oF1TAEayyZBoZ8bcshTHqOYJYlrqzRK5hagpagky5o4HfCzzd1TRkXPMFq6cKk9rGmA==

zlibjs@^0.2.0:
  version "0.2.0"
  resolved "https://registry.yarnpkg.com/zlibjs/-/zlibjs-0.2.0.tgz#ae20f06243293d85c255563189f9b12f5b3ba1a0"
  integrity sha1-riDwYkMpPYXCVVYxifmxL1s7oaA=
